{
  "nodes": {
    "flakeNimbleLib": {
      "inputs": {
        "nixpkgs": [
          "nixpkgs"
        ]
      },
      "locked": {
        "lastModified": 1647920574,
        "narHash": "sha256-D3ob5QykELhyNcTnISOkjEzLlgXltwON8Ucrz5cpiQI=",
        "owner": "riinr",
        "repo": "nim-flakes-lib",
        "rev": "bfb46a1f762002f07f9d81d93dacd544c6890623",
        "type": "github"
      },
      "original": {
        "owner": "riinr",
        "ref": "master",
        "repo": "nim-flakes-lib",
        "type": "github"
      }
    },
    "nixpkgs": {
      "locked": {
        "narHash": "sha256-sK1Ow//80EKE3bAF5d+2gB8vPXw6m5TBk3wSLHvdVe0=",
        "path": "/nix/store/0yqgkbpmsk7ck4s34wk505sfdd9vils4-source",
        "type": "path"
      },
      "original": {
        "id": "nixpkgs",
        "type": "indirect"
      }
    },
    "nuuid": {
      "inputs": {
        "flakeNimbleLib": [
          "flakeNimbleLib"
        ],
        "nixpkgs": [
          "nixpkgs"
        ],
        "nuuid-master": "nuuid-master"
      },
      "locked": {
        "lastModified": 1647934386,
        "narHash": "sha256-1uRg/FsPMinxlCfeavlb2BgbtKB83KJ9QnFooC5ZA5c=",
        "owner": "nim-nix-pkgs",
        "repo": "nuuid",
        "rev": "303b8c6efb7578bf05dc1e3d0cde3653a134b10b",
        "type": "github"
      },
      "original": {
        "owner": "nim-nix-pkgs",
        "ref": "master",
        "repo": "nuuid",
        "type": "github"
      }
    },
    "nuuid-master": {
      "inputs": {
        "flakeNimbleLib": [
          "nuuid",
          "flakeNimbleLib"
        ],
        "nixpkgs": [
          "nuuid",
          "nixpkgs"
        ],
        "src-nuuid-master": "src-nuuid-master"
      },
      "locked": {
        "dir": "master",
        "lastModified": 1647934386,
        "narHash": "sha256-1uRg/FsPMinxlCfeavlb2BgbtKB83KJ9QnFooC5ZA5c=",
        "owner": "nim-nix-pkgs",
        "repo": "nuuid",
        "rev": "303b8c6efb7578bf05dc1e3d0cde3653a134b10b",
        "type": "github"
      },
      "original": {
        "dir": "master",
        "owner": "nim-nix-pkgs",
        "ref": "master",
        "repo": "nuuid",
        "type": "github"
      }
    },
    "root": {
      "inputs": {
        "flakeNimbleLib": "flakeNimbleLib",
        "nixpkgs": "nixpkgs",
        "nuuid": "nuuid",
        "src-azure_translate-master": "src-azure_translate-master"
      }
    },
    "src-azure_translate-master": {
      "flake": false,
      "locked": {
        "lastModified": 1615150699,
        "narHash": "sha256-OvbaiyavvaoXrLtN5/sZQKSf24+ksHeMqnmCS6H3KvY=",
        "owner": "williamhatcher",
        "repo": "azure_translate",
        "rev": "0bffe47bdc59fc0ea4af8b1116e08c135aef1f1a",
        "type": "github"
      },
      "original": {
        "owner": "williamhatcher",
        "ref": "refs/heads/master",
        "repo": "azure_translate",
        "type": "github"
      }
    },
    "src-nuuid-master": {
      "flake": false,
      "locked": {
        "lastModified": 1603895899,
        "narHash": "sha256-P32Wnp9IA5UE9Iev+cEPJyX6salT8xq9Oe3fvPxs9oU=",
        "owner": "yglukhov",
        "repo": "nim-only-uuid",
        "rev": "078f473fc811793119df55b766a3670a62f988c2",
        "type": "github"
      },
      "original": {
        "owner": "yglukhov",
        "ref": "refs/heads/master",
        "repo": "nim-only-uuid",
        "type": "github"
      }
    }
  },
  "root": "root",
  "version": 7
}
